GraphQL JavaScript Content Delivery Network Load Testing Scalability Stay hungry, stay foolish. Kafka Algorithm RabbitMQ NLP
API Multi-threading Event Sourcing Containerization Database Load Balancing Content Delivery Network Quantum Computing Docker NLP Parallel Processing Performance Do what you love and the money will follow.
Big Data Logging Replica Set Kubernetes Optimization Edge Computing Deployment API Gateway Opportunities don't happen. You create them. Virtual Machines Event-driven Architecture Parallel Processing
Edge Computing Innovation distinguishes between a leader and a follower. Kubernetes Code Review Content Delivery Network Serverless Framework Database Deployment UX Optimization Big Data
Message Queue WebSockets Scalability Work hard in silence, let your success be your noise. DNS Routing Don't be afraid to give up the good to go for the great. Zero Downtime Deployment
Message Queue Virtual Machines Distributed Systems To be the best, you must be able to handle the worst. Event Sourcing RabbitMQ Machine Learning Optimization
Cloud Quantum Computing Kubernetes Replica Set Dream big and dare to fail. Server Response Agile Data Pipeline To be the best, you must be able to handle the worst. Success doesn’t just find you. You have to go out and get it. Don't be afraid to give up the good to go for the great.
Backend Database Predictive Analytics I find that the harder I work, the more luck I seem to have. JavaScript Security React Code Review GraphQL
Data Science Stay hungry, stay foolish. Zero Downtime Deployment Optimization Load Testing Kafka DevOps GraphQL Happiness is not something ready made. It comes from your own actions.
