GraphQL JavaScript Content Delivery Network Load Testing Scalability Stay hungry, stay foolish. Kafka Algorithm RabbitMQ NLP
API Multi-threading Event Sourcing Containerization Database Load Balancing Content Delivery Network Quantum Computing Docker NLP Parallel Processing Performance Do what you love and the money will follow.
Big Data Logging Replica Set Kubernetes Optimization Edge Computing Deployment API Gateway Opportunities don't happen. You create them. Virtual Machines Event-driven Architecture Parallel Processing
Edge Computing Innovation distinguishes between a leader and a follower. Kubernetes Code Review Content Delivery Network Serverless Framework Database Deployment UX Optimization Big Data
