GraphQL JavaScript Content Delivery Network Load Testing Scalability Stay hungry, stay foolish. Kafka Algorithm RabbitMQ NLP
API Multi-threading Event Sourcing Containerization Database Load Balancing Content Delivery Network Quantum Computing Docker NLP Parallel Processing Performance Do what you love and the money will follow.
